
Microsoft Visual Studio Solution File, Format Version 12.00
# Visual Studio Version 17
VisualStudioVersion = 17.5.33424.131
MinimumVisualStudioVersion = 10.0.40219.1
Project("{9A19103F-16F7-4668-BE54-9A1E7A4F7556}") = "DemoSesion3", "DemoSesion3\DemoSesion3.csproj", "{7B7F2AE4-3B28-46EB-A556-0FBB6DE002FE}"
EndProject
Project("{E53339B2-1760-4266-BCC7-CA923CBCF16C}") = "docker-compose", "docker-compose.dcproj", "{2EB107F2-9C71-4483-ACF7-53E2421FF354}"
EndProject
Global
	GlobalSection(SolutionConfigurationPlatforms) = preSolution
		Debug|Any CPU = Debug|Any CPU
		Release|Any CPU = Release|Any CPU
	EndGlobalSection
	GlobalSection(ProjectConfigurationPlatforms) = postSolution
		{7B7F2AE4-3B28-46EB-A556-0FBB6DE002FE}.Debug|Any CPU.ActiveCfg = Debug|Any CPU
		{7B7F2AE4-3B28-46EB-A556-0FBB6DE002FE}.Debug|Any CPU.Build.0 = Debug|Any CPU
		{7B7F2AE4-3B28-46EB-A556-0FBB6DE002FE}.Release|Any CPU.ActiveCfg = Release|Any CPU
		{7B7F2AE4-3B28-46EB-A556-0FBB6DE002FE}.Release|Any CPU.Build.0 = Release|Any CPU
		{2EB107F2-9C71-4483-ACF7-53E2421FF354}.Debug|Any CPU.ActiveCfg = Debug|Any CPU
		{2EB107F2-9C71-4483-ACF7-53E2421FF354}.Debug|Any CPU.Build.0 = Debug|Any CPU
		{2EB107F2-9C71-4483-ACF7-53E2421FF354}.Release|Any CPU.ActiveCfg = Release|Any CPU
		{2EB107F2-9C71-4483-ACF7-53E2421FF354}.Release|Any CPU.Build.0 = Release|Any CPU
	EndGlobalSection
	GlobalSection(SolutionProperties) = preSolution
		HideSolutionNode = FALSE
	EndGlobalSection
	GlobalSection(ExtensibilityGlobals) = postSolution
		SolutionGuid = {876A2016-E5C4-41AE-849A-382E99901A50}
	EndGlobalSection
EndGlobal
